{
  "name": "server",
  "version": "1.0.0",
  "lockfileVersion": 1,
  "requires": true,
  "dependencies": {
    "async-limiter": {
      "version": "1.0.0",
      "resolved": "https://registry.npmjs.org/async-limiter/-/async-limiter-1.0.0.tgz",
      "integrity": "sha512-jp/uFnooOiO+L211eZOoSyzpOITMXx1rBITauYykG3BRYPu8h0UcxsPNB04RR5vo4Tyz3+ay17tR6JVf9qzYWg=="
    },
    "node": {
      "version": "9.11.0",
      "resolved": "https://registry.npmjs.org/node/-/node-9.11.0.tgz",
      "integrity": "sha512-a4HV43+rHSgYaoGVr5PfnpTmiDeL4AmFsXKzRhBbkDLeRjBoQYENHs7mNCHlQRb9VFKRqXD5FDmadQFPznkUuQ==",
      "requires": {
        "node-bin-setup": "1.0.6"
      }
    },
    "node-bin-setup": {
      "version": "1.0.6",
      "resolved": "https://registry.npmjs.org/node-bin-setup/-/node-bin-setup-1.0.6.tgz",
      "integrity": "sha512-uPIxXNis1CRbv1DwqAxkgBk5NFV3s7cMN/Gf556jSw6jBvV7ca4F9lRL/8cALcZecRibeqU+5dFYqFFmzv5a0Q=="
    },
    "ws": {
      "version": "5.1.1",
      "resolved": "https://registry.npmjs.org/ws/-/ws-5.1.1.tgz",
      "integrity": "sha512-bOusvpCb09TOBLbpMKszd45WKC2KPtxiyiHanv+H2DE3Az+1db5a/L7sVJZVDPUC1Br8f0SKRr1KjLpD1U/IAw==",
      "requires": {
        "async-limiter": "1.0.0"
      }
    }
  }
}
